{
    "_readme": [
        "This file locks the dependencies of your project to a known state",
        "Read more about it at http://getcomposer.org/doc/01-basic-usage.md#composer-lock-the-lock-file"
    ],
    "hash": "029aa5818c49266a0b5f49a20b713778",
    "packages": [
        {
            "name": "crisu83/yii-caviar",
            "version": "dev-master",
            "source": {
                "type": "git",
                "url": "https://github.com/Crisu83/yii-caviar.git",
                "reference": "446b4b78b73f9e222e3489a14505d9d49217ec65"
            },
            "dist": {
                "type": "zip",
                "url": "https://api.github.com/repos/Crisu83/yii-caviar/zipball/446b4b78b73f9e222e3489a14505d9d49217ec65",
                "reference": "446b4b78b73f9e222e3489a14505d9d49217ec65",
                "shasum": ""
            },
            "type": "yii-extension",
            "autoload": {
                "psr-4": {
                    "crisu83\\yii_caviar\\": "./"
                }
            },
            "notification-url": "https://packagist.org/downloads/",
            "license": [
                "BSD-3-Clause"
            ],
            "authors": [
                {
                    "name": "Christoffer Niska",
                    "email": "ChristofferNiska@gmail.com"
                }
            ],
            "description": "Next generation code generation for Yii.",
            "time": "2014-03-15 01:10:22"
        },
        {
            "name": "crisu83/yii-consoletools",
            "version": "dev-master",
            "source": {
                "type": "git",
                "url": "https://github.com/Crisu83/yii-consoletools.git",
                "reference": "7938906c1e85e01dd58ed6961d619d165d69e594"
            },
            "dist": {
                "type": "zip",
                "url": "https://api.github.com/repos/Crisu83/yii-consoletools/zipball/7938906c1e85e01dd58ed6961d619d165d69e594",
                "reference": "7938906c1e85e01dd58ed6961d619d165d69e594",
                "shasum": ""
            },
            "type": "library",
            "autoload": {
                "classmap": [
                    "behaviors/",
                    "commands/",
                    "helpers/"
                ]
            },
            "notification-url": "https://packagist.org/downloads/",
            "license": [
                "BSD-3-Clause"
            ],
            "authors": [
                {
                    "name": "Christoffer Niska",
                    "email": "christoffer.niska@gmail.com",
                    "homepage": "http://www.cniska.net/"
                }
            ],
            "description": "A collection of tools for developing console commands for Yii.",
            "keywords": [
                "console",
                "tools",
                "yii"
            ],
            "time": "2014-02-12 09:45:31"
        },
        {
            "name": "yiisoft/yii",
            "version": "1.1.14",
            "source": {
                "type": "git",
                "url": "https://github.com/yiisoft/yii.git",
                "reference": "f0fee98ee84f70f1f3652f65562c9670e919cb4e"
            },
            "dist": {
                "type": "zip",
                "url": "https://api.github.com/repos/yiisoft/yii/zipball/f0fee98ee84f70f1f3652f65562c9670e919cb4e",
                "reference": "f0fee98ee84f70f1f3652f65562c9670e919cb4e",
                "shasum": ""
            },
            "require": {
                "php": ">=5.1.0"
            },
            "bin": [
                "framework/yiic"
            ],
            "type": "library",
            "notification-url": "https://packagist.org/downloads/",
            "license": [
                "BSD-3-Clause"
            ],
            "authors": [
                {
                    "name": "Qiang Xue",
                    "email": "qiang.xue@gmail.com",
                    "homepage": "http://www.yiiframework.com/",
                    "role": "Founder and project lead"
                },
                {
                    "name": "Alexander Makarov",
                    "email": "sam@rmcreative.ru",
                    "homepage": "http://rmcreative.ru/",
                    "role": "Core framework development"
                },
                {
                    "name": "Maurizio Domba",
                    "homepage": "http://mdomba.info/",
                    "role": "Core framework development"
                },
                {
                    "name": "Carsten Brandt",
                    "email": "mail@cebe.cc",
                    "homepage": "http://cebe.cc/",
                    "role": "Core framework development"
                },
                {
                    "name": "Wei Zhuo",
                    "email": "weizhuo@gmail.com",
                    "role": "Project site maintenance and development"
                },
                {
                    "name": "Sebastián Thierer",
                    "email": "sebas@artfos.com",
                    "role": "Component development"
                },
                {
                    "name": "Jeffrey Winesett",
                    "email": "jefftulsa@gmail.com",
                    "role": "Documentation and marketing"
                },
                {
                    "name": "Timur Ruziev",
                    "email": "resurtm@gmail.com",
                    "homepage": "http://resurtm.com/",
                    "role": "Core framework development"
                },
                {
                    "name": "Paul Klimov",
                    "email": "klimov.paul@gmail.com",
                    "role": "Core framework development"
                }
            ],
            "description": "Yii Web Programming Framework",
            "homepage": "http://www.yiiframework.com/",
            "keywords": [
                "framework",
                "yii"
            ],
            "time": "2013-08-12 00:12:08"
        }
    ],
    "packages-dev": [

    ],
    "aliases": [

    ],
    "minimum-stability": "dev",
    "stability-flags": [

    ],
    "platform": [

    ],
    "platform-dev": [

    ]
}
